
Microsoft Visual Studio Solution File, Format Version 12.00
# Visual Studio Version 17
VisualStudioVersion = 17.5.33414.496
MinimumVisualStudioVersion = 10.0.40219.1
Project("{FAE04EC0-301F-11D3-BF4B-00C04F79EFBC}") = "CoStudy", "CoStudy\CoStudy.csproj", "{27BB1AB1-3615-4B82-A115-96EAF01CF6E3}"
EndProject
Global
	GlobalSection(SolutionConfigurationPlatforms) = preSolution
		Debug|Any CPU = Debug|Any CPU
		Release|Any CPU = Release|Any CPU
	EndGlobalSection
	GlobalSection(ProjectConfigurationPlatforms) = postSolution
		{27BB1AB1-3615-4B82-A115-96EAF01CF6E3}.Debug|Any CPU.ActiveCfg = Debug|Any CPU
		{27BB1AB1-3615-4B82-A115-96EAF01CF6E3}.Debug|Any CPU.Build.0 = Debug|Any CPU
		{27BB1AB1-3615-4B82-A115-96EAF01CF6E3}.Release|Any CPU.ActiveCfg = Release|Any CPU
		{27BB1AB1-3615-4B82-A115-96EAF01CF6E3}.Release|Any CPU.Build.0 = Release|Any CPU
	EndGlobalSection
	GlobalSection(SolutionProperties) = preSolution
		HideSolutionNode = FALSE
	EndGlobalSection
	GlobalSection(ExtensibilityGlobals) = postSolution
		SolutionGuid = {E1FCF52E-5DC4-4E2C-91D0-34014B7B47AA}
	EndGlobalSection
EndGlobal
